// !$*UTF8*$!
{
	archiveVersion = 1;
	classes = {
	};
	objectVersion = 50;
	objects = {

/* Begin PBXBuildFile section */
		AC49B70626433FF600FF3F60 /* Raleway-Black.ttf in Resources */ = {isa = PBXBuildFile; fileRef = AC49B70426433EA600FF3F60 /* Raleway-Black.ttf */; };
		AC49B70726433FFA00FF3F60 /* Raleway-ExtraLight.ttf in Resources */ = {isa = PBXBuildFile; fileRef = AC49B70326433EA600FF3F60 /* Raleway-ExtraLight.ttf */; };
		AC49B70826433FFA00FF3F60 /* Raleway-SemiBoldItalic.ttf in Resources */ = {isa = PBXBuildFile; fileRef = AC49B70226433EA500FF3F60 /* Raleway-SemiBoldItalic.ttf */; };
		AC49B70926433FFA00FF3F60 /* Raleway-Regular.ttf in Resources */ = {isa = PBXBuildFile; fileRef = AC49B6FA26433EA500FF3F60 /* Raleway-Regular.ttf */; };
		AC49B70A26433FFA00FF3F60 /* Raleway-ThinItalic.ttf in Resources */ = {isa = PBXBuildFile; fileRef = AC49B6FE26433EA500FF3F60 /* Raleway-ThinItalic.ttf */; };
		AC49B70B26433FFA00FF3F60 /* Raleway-Italic.ttf in Resources */ = {isa = PBXBuildFile; fileRef = AC49B6F526433EA500FF3F60 /* Raleway-Italic.ttf */; };
		AC49B70C26433FFA00FF3F60 /* Raleway-Light.ttf in Resources */ = {isa = PBXBuildFile; fileRef = AC49B6F626433EA500FF3F60 /* Raleway-Light.ttf */; };
		AC49B70D26433FFA00FF3F60 /* Raleway-ExtraLightItalic.ttf in Resources */ = {isa = PBXBuildFile; fileRef = AC49B6F926433EA500FF3F60 /* Raleway-ExtraLightItalic.ttf */; };
		AC49B70E26433FFA00FF3F60 /* Raleway-MediumItalic.ttf in Resources */ = {isa = PBXBuildFile; fileRef = AC49B6FB26433EA500FF3F60 /* Raleway-MediumItalic.ttf */; };
		AC49B70F26433FFA00FF3F60 /* Raleway-Bold.ttf in Resources */ = {isa = PBXBuildFile; fileRef = AC49B6F426433EA500FF3F60 /* Raleway-Bold.ttf */; };
		AC49B71026433FFA00FF3F60 /* Raleway-Medium.ttf in Resources */ = {isa = PBXBuildFile; fileRef = AC49B70026433EA500FF3F60 /* Raleway-Medium.ttf */; };
		AC49B71126433FFA00FF3F60 /* Raleway-SemiBold.ttf in Resources */ = {isa = PBXBuildFile; fileRef = AC49B70126433EA500FF3F60 /* Raleway-SemiBold.ttf */; };
		AC49B71226433FFA00FF3F60 /* Raleway-BoldItalic.ttf in Resources */ = {isa = PBXBuildFile; fileRef = AC49B6FF26433EA500FF3F60 /* Raleway-BoldItalic.ttf */; };
		AC49B71326433FFA00FF3F60 /* Raleway-ExtraBoldItalic.ttf in Resources */ = {isa = PBXBuildFile; fileRef = AC49B6FD26433EA500FF3F60 /* Raleway-ExtraBoldItalic.ttf */; };
		AC49B71426433FFA00FF3F60 /* Raleway-ExtraBold.ttf in Resources */ = {isa = PBXBuildFile; fileRef = AC49B6F726433EA500FF3F60 /* Raleway-ExtraBold.ttf */; };
		AC49B71526433FFA00FF3F60 /* Raleway-LightItalic.ttf in Resources */ = {isa = PBXBuildFile; fileRef = AC49B6F826433EA500FF3F60 /* Raleway-LightItalic.ttf */; };
		AC49B71626433FFA00FF3F60 /* Raleway-Thin.ttf in Resources */ = {isa = PBXBuildFile; fileRef = AC49B70526433EA600FF3F60 /* Raleway-Thin.ttf */; };
		AC49B71726433FFA00FF3F60 /* Raleway-BlackItalic.ttf in Resources */ = {isa = PBXBuildFile; fileRef = AC49B6FC26433EA500FF3F60 /* Raleway-BlackItalic.ttf */; };
		AC96966D2640B5A900BE82D6 /* OnboardingCollectionViewCell.swift in Sources */ = {isa = PBXBuildFile; fileRef = AC96966B2640B5A900BE82D6 /* OnboardingCollectionViewCell.swift */; };
		AC96966E2640B5A900BE82D6 /* OnboardingCollectionViewCell.xib in Resources */ = {isa = PBXBuildFile; fileRef = AC96966C2640B5A900BE82D6 /* OnboardingCollectionViewCell.xib */; };
		AC9696702641B83200BE82D6 /* OnboardingPage.swift in Sources */ = {isa = PBXBuildFile; fileRef = AC96966F2641B83200BE82D6 /* OnboardingPage.swift */; };
		ACA0C1AB2640A38E00AF5A1E /* AppDelegate.swift in Sources */ = {isa = PBXBuildFile; fileRef = ACA0C1AA2640A38E00AF5A1E /* AppDelegate.swift */; };
		ACA0C1AD2640A38E00AF5A1E /* SceneDelegate.swift in Sources */ = {isa = PBXBuildFile; fileRef = ACA0C1AC2640A38E00AF5A1E /* SceneDelegate.swift */; };
		ACA0C1AF2640A38E00AF5A1E /* OnboardingViewController.swift in Sources */ = {isa = PBXBuildFile; fileRef = ACA0C1AE2640A38E00AF5A1E /* OnboardingViewController.swift */; };
		ACA0C1B22640A38E00AF5A1E /* Main.storyboard in Resources */ = {isa = PBXBuildFile; fileRef = ACA0C1B02640A38E00AF5A1E /* Main.storyboard */; };
		ACA0C1B42640A39100AF5A1E /* Assets.xcassets in Resources */ = {isa = PBXBuildFile; fileRef = ACA0C1B32640A39100AF5A1E /* Assets.xcassets */; };
		ACA0C1B72640A39100AF5A1E /* LaunchScreen.storyboard in Resources */ = {isa = PBXBuildFile; fileRef = ACA0C1B52640A39100AF5A1E /* LaunchScreen.storyboard */; };
/* End PBXBuildFile section */

/* Begin PBXFileReference section */
		AC49B6F426433EA500FF3F60 /* Raleway-Bold.ttf */ = {isa = PBXFileReference; lastKnownFileType = file; path = "Raleway-Bold.ttf"; sourceTree = "<group>"; };
		AC49B6F526433EA500FF3F60 /* Raleway-Italic.ttf */ = {isa = PBXFileReference; lastKnownFileType = file; path = "Raleway-Italic.ttf"; sourceTree = "<group>"; };
		AC49B6F626433EA500FF3F60 /* Raleway-Light.ttf */ = {isa = PBXFileReference; lastKnownFileType = file; path = "Raleway-Light.ttf"; sourceTree = "<group>"; };
		AC49B6F726433EA500FF3F60 /* Raleway-ExtraBold.ttf */ = {isa = PBXFileReference; lastKnownFileType = file; path = "Raleway-ExtraBold.ttf"; sourceTree = "<group>"; };
		AC49B6F826433EA500FF3F60 /* Raleway-LightItalic.ttf */ = {isa = PBXFileReference; lastKnownFileType = file; path = "Raleway-LightItalic.ttf"; sourceTree = "<group>"; };
		AC49B6F926433EA500FF3F60 /* Raleway-ExtraLightItalic.ttf */ = {isa = PBXFileReference; lastKnownFileType = file; path = "Raleway-ExtraLightItalic.ttf"; sourceTree = "<group>"; };
		AC49B6FA26433EA500FF3F60 /* Raleway-Regular.ttf */ = {isa = PBXFileReference; lastKnownFileType = file; path = "Raleway-Regular.ttf"; sourceTree = "<group>"; };
		AC49B6FB26433EA500FF3F60 /* Raleway-MediumItalic.ttf */ = {isa = PBXFileReference; lastKnownFileType = file; path = "Raleway-MediumItalic.ttf"; sourceTree = "<group>"; };
		AC49B6FC26433EA500FF3F60 /* Raleway-BlackItalic.ttf */ = {isa = PBXFileReference; lastKnownFileType = file; path = "Raleway-BlackItalic.ttf"; sourceTree = "<group>"; };
		AC49B6FD26433EA500FF3F60 /* Raleway-ExtraBoldItalic.ttf */ = {isa = PBXFileReference; lastKnownFileType = file; path = "Raleway-ExtraBoldItalic.ttf"; sourceTree = "<group>"; };
		AC49B6FE26433EA500FF3F60 /* Raleway-ThinItalic.ttf */ = {isa = PBXFileReference; lastKnownFileType = file; path = "Raleway-ThinItalic.ttf"; sourceTree = "<group>"; };
		AC49B6FF26433EA500FF3F60 /* Raleway-BoldItalic.ttf */ = {isa = PBXFileReference; lastKnownFileType = file; path = "Raleway-BoldItalic.ttf"; sourceTree = "<group>"; };
		AC49B70026433EA500FF3F60 /* Raleway-Medium.ttf */ = {isa = PBXFileReference; lastKnownFileType = file; path = "Raleway-Medium.ttf"; sourceTree = "<group>"; };
		AC49B70126433EA500FF3F60 /* Raleway-SemiBold.ttf */ = {isa = PBXFileReference; lastKnownFileType = file; path = "Raleway-SemiBold.ttf"; sourceTree = "<group>"; };
		AC49B70226433EA500FF3F60 /* Raleway-SemiBoldItalic.ttf */ = {isa = PBXFileReference; lastKnownFileType = file; path = "Raleway-SemiBoldItalic.ttf"; sourceTree = "<group>"; };
		AC49B70326433EA600FF3F60 /* Raleway-ExtraLight.ttf */ = {isa = PBXFileReference; lastKnownFileType = file; path = "Raleway-ExtraLight.ttf"; sourceTree = "<group>"; };
		AC49B70426433EA600FF3F60 /* Raleway-Black.ttf */ = {isa = PBXFileReference; lastKnownFileType = file; path = "Raleway-Black.ttf"; sourceTree = "<group>"; };
		AC49B70526433EA600FF3F60 /* Raleway-Thin.ttf */ = {isa = PBXFileReference; lastKnownFileType = file; path = "Raleway-Thin.ttf"; sourceTree = "<group>"; };
		AC96966B2640B5A900BE82D6 /* OnboardingCollectionViewCell.swift */ = {isa = PBXFileReference; lastKnownFileType = sourcecode.swift; path = OnboardingCollectionViewCell.swift; sourceTree = "<group>"; };
		AC96966C2640B5A900BE82D6 /* OnboardingCollectionViewCell.xib */ = {isa = PBXFileReference; lastKnownFileType = file.xib; path = OnboardingCollectionViewCell.xib; sourceTree = "<group>"; };
		AC96966F2641B83200BE82D6 /* OnboardingPage.swift */ = {isa = PBXFileReference; lastKnownFileType = sourcecode.swift; path = OnboardingPage.swift; sourceTree = "<group>"; };
		ACA0C1A72640A38E00AF5A1E /* Three for the Sea.app */ = {isa = PBXFileReference; explicitFileType = wrapper.application; includeInIndex = 0; path = "Three for the Sea.app"; sourceTree = BUILT_PRODUCTS_DIR; };
		ACA0C1AA2640A38E00AF5A1E /* AppDelegate.swift */ = {isa = PBXFileReference; lastKnownFileType = sourcecode.swift; path = AppDelegate.swift; sourceTree = "<group>"; };
		ACA0C1AC2640A38E00AF5A1E /* SceneDelegate.swift */ = {isa = PBXFileReference; lastKnownFileType = sourcecode.swift; path = SceneDelegate.swift; sourceTree = "<group>"; };
		ACA0C1AE2640A38E00AF5A1E /* OnboardingViewController.swift */ = {isa = PBXFileReference; lastKnownFileType = sourcecode.swift; path = OnboardingViewController.swift; sourceTree = "<group>"; };
		ACA0C1B12640A38E00AF5A1E /* Base */ = {isa = PBXFileReference; lastKnownFileType = file.storyboard; name = Base; path = Base.lproj/Main.storyboard; sourceTree = "<group>"; };
		ACA0C1B32640A39100AF5A1E /* Assets.xcassets */ = {isa = PBXFileReference; lastKnownFileType = folder.assetcatalog; path = Assets.xcassets; sourceTree = "<group>"; };
		ACA0C1B62640A39100AF5A1E /* Base */ = {isa = PBXFileReference; lastKnownFileType = file.storyboard; name = Base; path = Base.lproj/LaunchScreen.storyboard; sourceTree = "<group>"; };
		ACA0C1B82640A39100AF5A1E /* Info.plist */ = {isa = PBXFileReference; lastKnownFileType = text.plist.xml; path = Info.plist; sourceTree = "<group>"; };
/* End PBXFileReference section */

/* Begin PBXFrameworksBuildPhase section */
		ACA0C1A42640A38E00AF5A1E /* Frameworks */ = {
			isa = PBXFrameworksBuildPhase;
			buildActionMask = 2147483647;
			files = (
			);
			runOnlyForDeploymentPostprocessing = 0;
		};
/* End PBXFrameworksBuildPhase section */

/* Begin PBXGroup section */
		AC49B6E026432DFF00FF3F60 /* Fonts */ = {
			isa = PBXGroup;
			children = (
				AC49B70426433EA600FF3F60 /* Raleway-Black.ttf */,
				AC49B6FC26433EA500FF3F60 /* Raleway-BlackItalic.ttf */,
				AC49B6F426433EA500FF3F60 /* Raleway-Bold.ttf */,
				AC49B6FF26433EA500FF3F60 /* Raleway-BoldItalic.ttf */,
				AC49B6F726433EA500FF3F60 /* Raleway-ExtraBold.ttf */,
				AC49B6FD26433EA500FF3F60 /* Raleway-ExtraBoldItalic.ttf */,
				AC49B70326433EA600FF3F60 /* Raleway-ExtraLight.ttf */,
				AC49B6F926433EA500FF3F60 /* Raleway-ExtraLightItalic.ttf */,
				AC49B6F526433EA500FF3F60 /* Raleway-Italic.ttf */,
				AC49B6F626433EA500FF3F60 /* Raleway-Light.ttf */,
				AC49B6F826433EA500FF3F60 /* Raleway-LightItalic.ttf */,
				AC49B70026433EA500FF3F60 /* Raleway-Medium.ttf */,
				AC49B6FB26433EA500FF3F60 /* Raleway-MediumItalic.ttf */,
				AC49B6FA26433EA500FF3F60 /* Raleway-Regular.ttf */,
				AC49B70126433EA500FF3F60 /* Raleway-SemiBold.ttf */,
				AC49B70226433EA500FF3F60 /* Raleway-SemiBoldItalic.ttf */,
				AC49B70526433EA600FF3F60 /* Raleway-Thin.ttf */,
				AC49B6FE26433EA500FF3F60 /* Raleway-ThinItalic.ttf */,
			);
			path = Fonts;
			sourceTree = "<group>";
		};
		AC49B7182643462000FF3F60 /* Onboarding */ = {
			isa = PBXGroup;
			children = (
				AC96966B2640B5A900BE82D6 /* OnboardingCollectionViewCell.swift */,
				AC96966C2640B5A900BE82D6 /* OnboardingCollectionViewCell.xib */,
				AC96966F2641B83200BE82D6 /* OnboardingPage.swift */,
				ACA0C1AE2640A38E00AF5A1E /* OnboardingViewController.swift */,
			);
			path = Onboarding;
			sourceTree = "<group>";
		};
		ACA0C19E2640A38E00AF5A1E = {
			isa = PBXGroup;
			children = (
				ACA0C1A92640A38E00AF5A1E /* Three for the Sea */,
				ACA0C1A82640A38E00AF5A1E /* Products */,
			);
			sourceTree = "<group>";
		};
		ACA0C1A82640A38E00AF5A1E /* Products */ = {
			isa = PBXGroup;
			children = (
				ACA0C1A72640A38E00AF5A1E /* Three for the Sea.app */,
			);
			name = Products;
			sourceTree = "<group>";
		};
		ACA0C1A92640A38E00AF5A1E /* Three for the Sea */ = {
			isa = PBXGroup;
			children = (
				AC49B7182643462000FF3F60 /* Onboarding */,
				ACA0C1AA2640A38E00AF5A1E /* AppDelegate.swift */,
				ACA0C1AC2640A38E00AF5A1E /* SceneDelegate.swift */,
				ACA0C1B02640A38E00AF5A1E /* Main.storyboard */,
				ACA0C1B32640A39100AF5A1E /* Assets.xcassets */,
				ACA0C1B52640A39100AF5A1E /* LaunchScreen.storyboard */,
				ACA0C1B82640A39100AF5A1E /* Info.plist */,
				AC49B6E026432DFF00FF3F60 /* Fonts */,
			);
			path = "Three for the Sea";
			sourceTree = "<group>";
		};
/* End PBXGroup section */

/* Begin PBXNativeTarget section */
		ACA0C1A62640A38E00AF5A1E /* Three for the Sea */ = {
			isa = PBXNativeTarget;
			buildConfigurationList = ACA0C1BB2640A39100AF5A1E /* Build configuration list for PBXNativeTarget "Three for the Sea" */;
			buildPhases = (
				ACA0C1A32640A38E00AF5A1E /* Sources */,
				ACA0C1A42640A38E00AF5A1E /* Frameworks */,
				ACA0C1A52640A38E00AF5A1E /* Resources */,
			);
			buildRules = (
			);
			dependencies = (
			);
			name = "Three for the Sea";
			productName = "Three for the Sea";
			productReference = ACA0C1A72640A38E00AF5A1E /* Three for the Sea.app */;
			productType = "com.apple.product-type.application";
		};
/* End PBXNativeTarget section */

/* Begin PBXProject section */
		ACA0C19F2640A38E00AF5A1E /* Project object */ = {
			isa = PBXProject;
			attributes = {
				CLASSPREFIX = OBP;
				LastSwiftUpdateCheck = 1250;
				LastUpgradeCheck = 1250;
				ORGANIZATIONNAME = "Ocean Blue Project";
				TargetAttributes = {
					ACA0C1A62640A38E00AF5A1E = {
						CreatedOnToolsVersion = 12.5;
					};
				};
			};
			buildConfigurationList = ACA0C1A22640A38E00AF5A1E /* Build configuration list for PBXProject "Three for the Sea" */;
			compatibilityVersion = "Xcode 9.3";
			developmentRegion = en;
			hasScannedForEncodings = 0;
			knownRegions = (
				en,
				Base,
			);
			mainGroup = ACA0C19E2640A38E00AF5A1E;
			productRefGroup = ACA0C1A82640A38E00AF5A1E /* Products */;
			projectDirPath = "";
			projectRoot = "";
			targets = (
				ACA0C1A62640A38E00AF5A1E /* Three for the Sea */,
			);
		};
/* End PBXProject section */

/* Begin PBXResourcesBuildPhase section */
		ACA0C1A52640A38E00AF5A1E /* Resources */ = {
			isa = PBXResourcesBuildPhase;
			buildActionMask = 2147483647;
			files = (
				AC49B70D26433FFA00FF3F60 /* Raleway-ExtraLightItalic.ttf in Resources */,
				AC49B71126433FFA00FF3F60 /* Raleway-SemiBold.ttf in Resources */,
				AC49B70C26433FFA00FF3F60 /* Raleway-Light.ttf in Resources */,
				ACA0C1B72640A39100AF5A1E /* LaunchScreen.storyboard in Resources */,
				AC49B70E26433FFA00FF3F60 /* Raleway-MediumItalic.ttf in Resources */,
				ACA0C1B42640A39100AF5A1E /* Assets.xcassets in Resources */,
				AC49B71626433FFA00FF3F60 /* Raleway-Thin.ttf in Resources */,
				AC49B70726433FFA00FF3F60 /* Raleway-ExtraLight.ttf in Resources */,
				AC49B71726433FFA00FF3F60 /* Raleway-BlackItalic.ttf in Resources */,
				AC49B71526433FFA00FF3F60 /* Raleway-LightItalic.ttf in Resources */,
				AC49B70926433FFA00FF3F60 /* Raleway-Regular.ttf in Resources */,
				AC49B71326433FFA00FF3F60 /* Raleway-ExtraBoldItalic.ttf in Resources */,
				AC49B71026433FFA00FF3F60 /* Raleway-Medium.ttf in Resources */,
				AC49B71226433FFA00FF3F60 /* Raleway-BoldItalic.ttf in Resources */,
				AC49B70F26433FFA00FF3F60 /* Raleway-Bold.ttf in Resources */,
				AC96966E2640B5A900BE82D6 /* OnboardingCollectionViewCell.xib in Resources */,
				AC49B70A26433FFA00FF3F60 /* Raleway-ThinItalic.ttf in Resources */,
				AC49B70B26433FFA00FF3F60 /* Raleway-Italic.ttf in Resources */,
				AC49B71426433FFA00FF3F60 /* Raleway-ExtraBold.ttf in Resources */,
				ACA0C1B22640A38E00AF5A1E /* Main.storyboard in Resources */,
				AC49B70826433FFA00FF3F60 /* Raleway-SemiBoldItalic.ttf in Resources */,
				AC49B70626433FF600FF3F60 /* Raleway-Black.ttf in Resources */,
			);
			runOnlyForDeploymentPostprocessing = 0;
		};
/* End PBXResourcesBuildPhase section */

/* Begin PBXSourcesBuildPhase section */
		ACA0C1A32640A38E00AF5A1E /* Sources */ = {
			isa = PBXSourcesBuildPhase;
			buildActionMask = 2147483647;
			files = (
				ACA0C1AF2640A38E00AF5A1E /* OnboardingViewController.swift in Sources */,
				ACA0C1AB2640A38E00AF5A1E /* AppDelegate.swift in Sources */,
				ACA0C1AD2640A38E00AF5A1E /* SceneDelegate.swift in Sources */,
				AC96966D2640B5A900BE82D6 /* OnboardingCollectionViewCell.swift in Sources */,
				AC9696702641B83200BE82D6 /* OnboardingPage.swift in Sources */,
			);
			runOnlyForDeploymentPostprocessing = 0;
		};
/* End PBXSourcesBuildPhase section */

/* Begin PBXVariantGroup section */
		ACA0C1B02640A38E00AF5A1E /* Main.storyboard */ = {
			isa = PBXVariantGroup;
			children = (
				ACA0C1B12640A38E00AF5A1E /* Base */,
			);
			name = Main.storyboard;
			sourceTree = "<group>";
		};
		ACA0C1B52640A39100AF5A1E /* LaunchScreen.storyboard */ = {
			isa = PBXVariantGroup;
			children = (
				ACA0C1B62640A39100AF5A1E /* Base */,
			);
			name = LaunchScreen.storyboard;
			sourceTree = "<group>";
		};
/* End PBXVariantGroup section */

/* Begin XCBuildConfiguration section */
		ACA0C1B92640A39100AF5A1E /* Debug */ = {
			isa = XCBuildConfiguration;
			buildSettings = {
				ALWAYS_SEARCH_USER_PATHS = NO;
				CLANG_ANALYZER_NONNULL = YES;
				CLANG_ANALYZER_NUMBER_OBJECT_CONVERSION = YES_AGGRESSIVE;
				CLANG_CXX_LANGUAGE_STANDARD = "gnu++14";
				CLANG_CXX_LIBRARY = "libc++";
				CLANG_ENABLE_MODULES = YES;
				CLANG_ENABLE_OBJC_ARC = YES;
				CLANG_ENABLE_OBJC_WEAK = YES;
				CLANG_WARN_BLOCK_CAPTURE_AUTORELEASING = YES;
				CLANG_WARN_BOOL_CONVERSION = YES;
				CLANG_WARN_COMMA = YES;
				CLANG_WARN_CONSTANT_CONVERSION = YES;
				CLANG_WARN_DEPRECATED_OBJC_IMPLEMENTATIONS = YES;
				CLANG_WARN_DIRECT_OBJC_ISA_USAGE = YES_ERROR;
				CLANG_WARN_DOCUMENTATION_COMMENTS = YES;
				CLANG_WARN_EMPTY_BODY = YES;
				CLANG_WARN_ENUM_CONVERSION = YES;
				CLANG_WARN_INFINITE_RECURSION = YES;
				CLANG_WARN_INT_CONVERSION = YES;
				CLANG_WARN_NON_LITERAL_NULL_CONVERSION = YES;
				CLANG_WARN_OBJC_IMPLICIT_RETAIN_SELF = YES;
				CLANG_WARN_OBJC_LITERAL_CONVERSION = YES;
				CLANG_WARN_OBJC_ROOT_CLASS = YES_ERROR;
				CLANG_WARN_QUOTED_INCLUDE_IN_FRAMEWORK_HEADER = YES;
				CLANG_WARN_RANGE_LOOP_ANALYSIS = YES;
				CLANG_WARN_STRICT_PROTOTYPES = YES;
				CLANG_WARN_SUSPICIOUS_MOVE = YES;
				CLANG_WARN_UNGUARDED_AVAILABILITY = YES_AGGRESSIVE;
				CLANG_WARN_UNREACHABLE_CODE = YES;
				CLANG_WARN__DUPLICATE_METHOD_MATCH = YES;
				COPY_PHASE_STRIP = NO;
				DEBUG_INFORMATION_FORMAT = dwarf;
				ENABLE_STRICT_OBJC_MSGSEND = YES;
				ENABLE_TESTABILITY = YES;
				GCC_C_LANGUAGE_STANDARD = gnu11;
				GCC_DYNAMIC_NO_PIC = NO;
				GCC_NO_COMMON_BLOCKS = YES;
				GCC_OPTIMIZATION_LEVEL = 0;
				GCC_PREPROCESSOR_DEFINITIONS = (
					"DEBUG=1",
					"$(inherited)",
				);
				GCC_WARN_64_TO_32_BIT_CONVERSION = YES;
				GCC_WARN_ABOUT_RETURN_TYPE = YES_ERROR;
				GCC_WARN_UNDECLARED_SELECTOR = YES;
				GCC_WARN_UNINITIALIZED_AUTOS = YES_AGGRESSIVE;
				GCC_WARN_UNUSED_FUNCTION = YES;
				GCC_WARN_UNUSED_VARIABLE = YES;
				IPHONEOS_DEPLOYMENT_TARGET = 14.5;
				MTL_ENABLE_DEBUG_INFO = INCLUDE_SOURCE;
				MTL_FAST_MATH = YES;
				ONLY_ACTIVE_ARCH = YES;
				SDKROOT = iphoneos;
				SWIFT_ACTIVE_COMPILATION_CONDITIONS = DEBUG;
				SWIFT_OPTIMIZATION_LEVEL = "-Onone";
			};
			name = Debug;
		};
		ACA0C1BA2640A39100AF5A1E /* Release */ = {
			isa = XCBuildConfiguration;
			buildSettings = {
				ALWAYS_SEARCH_USER_PATHS = NO;
				CLANG_ANALYZER_NONNULL = YES;
				CLANG_ANALYZER_NUMBER_OBJECT_CONVERSION = YES_AGGRESSIVE;
				CLANG_CXX_LANGUAGE_STANDARD = "gnu++14";
				CLANG_CXX_LIBRARY = "libc++";
				CLANG_ENABLE_MODULES = YES;
				CLANG_ENABLE_OBJC_ARC = YES;
				CLANG_ENABLE_OBJC_WEAK = YES;
				CLANG_WARN_BLOCK_CAPTURE_AUTORELEASING = YES;
				CLANG_WARN_BOOL_CONVERSION = YES;
				CLANG_WARN_COMMA = YES;
				CLANG_WARN_CONSTANT_CONVERSION = YES;
				CLANG_WARN_DEPRECATED_OBJC_IMPLEMENTATIONS = YES;
				CLANG_WARN_DIRECT_OBJC_ISA_USAGE = YES_ERROR;
				CLANG_WARN_DOCUMENTATION_COMMENTS = YES;
				CLANG_WARN_EMPTY_BODY = YES;
				CLANG_WARN_ENUM_CONVERSION = YES;
				CLANG_WARN_INFINITE_RECURSION = YES;
				CLANG_WARN_INT_CONVERSION = YES;
				CLANG_WARN_NON_LITERAL_NULL_CONVERSION = YES;
				CLANG_WARN_OBJC_IMPLICIT_RETAIN_SELF = YES;
				CLANG_WARN_OBJC_LITERAL_CONVERSION = YES;
				CLANG_WARN_OBJC_ROOT_CLASS = YES_ERROR;
				CLANG_WARN_QUOTED_INCLUDE_IN_FRAMEWORK_HEADER = YES;
				CLANG_WARN_RANGE_LOOP_ANALYSIS = YES;
				CLANG_WARN_STRICT_PROTOTYPES = YES;
				CLANG_WARN_SUSPICIOUS_MOVE = YES;
				CLANG_WARN_UNGUARDED_AVAILABILITY = YES_AGGRESSIVE;
				CLANG_WARN_UNREACHABLE_CODE = YES;
				CLANG_WARN__DUPLICATE_METHOD_MATCH = YES;
				COPY_PHASE_STRIP = NO;
				DEBUG_INFORMATION_FORMAT = "dwarf-with-dsym";
				ENABLE_NS_ASSERTIONS = NO;
				ENABLE_STRICT_OBJC_MSGSEND = YES;
				GCC_C_LANGUAGE_STANDARD = gnu11;
				GCC_NO_COMMON_BLOCKS = YES;
				GCC_WARN_64_TO_32_BIT_CONVERSION = YES;
				GCC_WARN_ABOUT_RETURN_TYPE = YES_ERROR;
				GCC_WARN_UNDECLARED_SELECTOR = YES;
				GCC_WARN_UNINITIALIZED_AUTOS = YES_AGGRESSIVE;
				GCC_WARN_UNUSED_FUNCTION = YES;
				GCC_WARN_UNUSED_VARIABLE = YES;
				IPHONEOS_DEPLOYMENT_TARGET = 14.5;
				MTL_ENABLE_DEBUG_INFO = NO;
				MTL_FAST_MATH = YES;
				SDKROOT = iphoneos;
				SWIFT_COMPILATION_MODE = wholemodule;
				SWIFT_OPTIMIZATION_LEVEL = "-O";
				VALIDATE_PRODUCT = YES;
			};
			name = Release;
		};
		ACA0C1BC2640A39100AF5A1E /* Debug */ = {
			isa = XCBuildConfiguration;
			buildSettings = {
				ASSETCATALOG_COMPILER_APPICON_NAME = AppIcon;
				ASSETCATALOG_COMPILER_GLOBAL_ACCENT_COLOR_NAME = AccentColor;
				CODE_SIGN_STYLE = Automatic;
				DEVELOPMENT_TEAM = 56V24NG736;
				INFOPLIST_FILE = "Three for the Sea/Info.plist";
				IPHONEOS_DEPLOYMENT_TARGET = 13.0;
				LD_RUNPATH_SEARCH_PATHS = (
					"$(inherited)",
					"@executable_path/Frameworks",
				);
				PRODUCT_BUNDLE_IDENTIFIER = "com.oceanblueproject.Three-for-the-Sea";
				PRODUCT_NAME = "$(TARGET_NAME)";
				SWIFT_VERSION = 5.0;
				TARGETED_DEVICE_FAMILY = 1;
			};
			name = Debug;
		};
		ACA0C1BD2640A39100AF5A1E /* Release */ = {
			isa = XCBuildConfiguration;
			buildSettings = {
				ASSETCATALOG_COMPILER_APPICON_NAME = AppIcon;
				ASSETCATALOG_COMPILER_GLOBAL_ACCENT_COLOR_NAME = AccentColor;
				CODE_SIGN_STYLE = Automatic;
				DEVELOPMENT_TEAM = 56V24NG736;
				INFOPLIST_FILE = "Three for the Sea/Info.plist";
				IPHONEOS_DEPLOYMENT_TARGET = 13.0;
				LD_RUNPATH_SEARCH_PATHS = (
					"$(inherited)",
					"@executable_path/Frameworks",
				);
				PRODUCT_BUNDLE_IDENTIFIER = "com.oceanblueproject.Three-for-the-Sea";
				PRODUCT_NAME = "$(TARGET_NAME)";
				SWIFT_VERSION = 5.0;
				TARGETED_DEVICE_FAMILY = 1;
			};
			name = Release;
		};
/* End XCBuildConfiguration section */

/* Begin XCConfigurationList section */
		ACA0C1A22640A38E00AF5A1E /* Build configuration list for PBXProject "Three for the Sea" */ = {
			isa = XCConfigurationList;
			buildConfigurations = (
				ACA0C1B92640A39100AF5A1E /* Debug */,
				ACA0C1BA2640A39100AF5A1E /* Release */,
			);
			defaultConfigurationIsVisible = 0;
			defaultConfigurationName = Release;
		};
		ACA0C1BB2640A39100AF5A1E /* Build configuration list for PBXNativeTarget "Three for the Sea" */ = {
			isa = XCConfigurationList;
			buildConfigurations = (
				ACA0C1BC2640A39100AF5A1E /* Debug */,
				ACA0C1BD2640A39100AF5A1E /* Release */,
			);
			defaultConfigurationIsVisible = 0;
			defaultConfigurationName = Release;
		};
/* End XCConfigurationList section */
	};
	rootObject = ACA0C19F2640A38E00AF5A1E /* Project object */;
}
